
Microsoft Visual Studio Solution File, Format Version 12.00
# Visual Studio Version 17
VisualStudioVersion = 17.7.34024.191
MinimumVisualStudioVersion = 10.0.40219.1
Project("{FAE04EC0-301F-11D3-BF4B-00C04F79EFBC}") = "Practica4", "Practica4\Practica4.csproj", "{198C7F2F-E9AF-4C13-9502-6DEF1D68A31D}"
EndProject
Global
	GlobalSection(SolutionConfigurationPlatforms) = preSolution
		Debug|Any CPU = Debug|Any CPU
		Release|Any CPU = Release|Any CPU
	EndGlobalSection
	GlobalSection(ProjectConfigurationPlatforms) = postSolution
		{198C7F2F-E9AF-4C13-9502-6DEF1D68A31D}.Debug|Any CPU.ActiveCfg = Debug|Any CPU
		{198C7F2F-E9AF-4C13-9502-6DEF1D68A31D}.Debug|Any CPU.Build.0 = Debug|Any CPU
		{198C7F2F-E9AF-4C13-9502-6DEF1D68A31D}.Release|Any CPU.ActiveCfg = Release|Any CPU
		{198C7F2F-E9AF-4C13-9502-6DEF1D68A31D}.Release|Any CPU.Build.0 = Release|Any CPU
	EndGlobalSection
	GlobalSection(SolutionProperties) = preSolution
		HideSolutionNode = FALSE
	EndGlobalSection
	GlobalSection(ExtensibilityGlobals) = postSolution
		SolutionGuid = {8A42D830-EEAA-48D5-96E3-02B964F7472A}
	EndGlobalSection
EndGlobal
