
Microsoft Visual Studio Solution File, Format Version 12.00
# Visual Studio Version 17
VisualStudioVersion = 17.7.34024.191
MinimumVisualStudioVersion = 10.0.40219.1
Project("{FAE04EC0-301F-11D3-BF4B-00C04F79EFBC}") = "Plantilla_Practica5", "Plantilla_Practica5\Plantilla_Practica5.csproj", "{A5965E9A-8FBA-47BF-ACDF-BB36A22AA11D}"
EndProject
Global
	GlobalSection(SolutionConfigurationPlatforms) = preSolution
		Debug|Any CPU = Debug|Any CPU
		Release|Any CPU = Release|Any CPU
	EndGlobalSection
	GlobalSection(ProjectConfigurationPlatforms) = postSolution
		{A5965E9A-8FBA-47BF-ACDF-BB36A22AA11D}.Debug|Any CPU.ActiveCfg = Debug|Any CPU
		{A5965E9A-8FBA-47BF-ACDF-BB36A22AA11D}.Debug|Any CPU.Build.0 = Debug|Any CPU
		{A5965E9A-8FBA-47BF-ACDF-BB36A22AA11D}.Release|Any CPU.ActiveCfg = Release|Any CPU
		{A5965E9A-8FBA-47BF-ACDF-BB36A22AA11D}.Release|Any CPU.Build.0 = Release|Any CPU
	EndGlobalSection
	GlobalSection(SolutionProperties) = preSolution
		HideSolutionNode = FALSE
	EndGlobalSection
	GlobalSection(ExtensibilityGlobals) = postSolution
		SolutionGuid = {39FEE0E1-8D8E-45D4-BDEA-65AF27F2314A}
	EndGlobalSection
EndGlobal
